
Microsoft Visual Studio Solution File, Format Version 12.00
# Visual Studio Version 17
VisualStudioVersion = 17.5.33424.131
MinimumVisualStudioVersion = 10.0.40219.1
Project("{FAE04EC0-301F-11D3-BF4B-00C04F79EFBC}") = "ATM_Project", "ATM_Project\ATM_Project.csproj", "{68A73DC0-7BC0-4F4E-B093-9AE43E85F487}"
EndProject
Global
	GlobalSection(SolutionConfigurationPlatforms) = preSolution
		Debug|Any CPU = Debug|Any CPU
		Release|Any CPU = Release|Any CPU
	EndGlobalSection
	GlobalSection(ProjectConfigurationPlatforms) = postSolution
		{68A73DC0-7BC0-4F4E-B093-9AE43E85F487}.Debug|Any CPU.ActiveCfg = Debug|Any CPU
		{68A73DC0-7BC0-4F4E-B093-9AE43E85F487}.Debug|Any CPU.Build.0 = Debug|Any CPU
		{68A73DC0-7BC0-4F4E-B093-9AE43E85F487}.Release|Any CPU.ActiveCfg = Release|Any CPU
		{68A73DC0-7BC0-4F4E-B093-9AE43E85F487}.Release|Any CPU.Build.0 = Release|Any CPU
	EndGlobalSection
	GlobalSection(SolutionProperties) = preSolution
		HideSolutionNode = FALSE
	EndGlobalSection
	GlobalSection(ExtensibilityGlobals) = postSolution
		SolutionGuid = {2B32527B-F345-443D-B98A-9185B11112AD}
	EndGlobalSection
EndGlobal
